<?xml version="1.0" encoding="utf-8"?>
<Project ToolsVersion="4.0" xmlns="http://schemas.microsoft.com/developer/msbuild/2003">
  <ItemGroup>
    <Filter Include="StateMachine">
      <UniqueIdentifier>{1070b582-346b-492a-9597-dc9c5cb121fa}</UniqueIdentifier>
    </Filter>
    <Filter Include="main">
      <UniqueIdentifier>{59d0efa9-2d4b-49c9-aa17-d663fa72779f}</UniqueIdentifier>
    </Filter>
    <Filter Include="examples">
      <UniqueIdentifier>{fca90180-7e5b-4dc7-b925-e076bd10059c}</UniqueIdentifier>
    </Filter>
    <Filter Include="examples\LightSwitch">
      <UniqueIdentifier>{ccb794e8-7ac2-413c-bb07-a056f7a1335b}</UniqueIdentifier>
    </Filter>
    <Filter Include="counter">
      <UniqueIdentifier>{68ed4044-2343-45b4-b5ba-883762d76c2f}</UniqueIdentifier>
    </Filter>
  </ItemGroup>
  <ItemGroup>
    <ClInclude Include="StateMachine\ActionResult.h">
      <Filter>StateMachine</Filter>
    </ClInclude>
    <ClInclude Include="StateMachine\Event.h">
      <Filter>StateMachine</Filter>
    </ClInclude>
    <ClInclude Include="StateMachine\EventMessageHandler.h">
      <Filter>StateMachine</Filter>
    </ClInclude>
    <ClInclude Include="StateMachine\EventSystem.h">
      <Filter>StateMachine</Filter>
    </ClInclude>
    <ClInclude Include="StateMachine\State.h">
      <Filter>StateMachine</Filter>
    </ClInclude>
    <ClInclude Include="StateMachine\StateMachine.h">
      <Filter>StateMachine</Filter>
    </ClInclude>
    <ClInclude Include="examples\LigthSwitch\LightOffState.h">
      <Filter>examples\LightSwitch</Filter>
    </ClInclude>
    <ClInclude Include="examples\LigthSwitch\LightOnState.h">
      <Filter>examples\LightSwitch</Filter>
    </ClInclude>
    <ClInclude Include="examples\LigthSwitch\SwitchToggledEvent.h">
      <Filter>examples\LightSwitch</Filter>
    </ClInclude>
    <ClInclude Include="counter\counter.hpp">
      <Filter>counter</Filter>
    </ClInclude>
  </ItemGroup>
  <ItemGroup>
    <ClCompile Include="StateMachine\Event.cpp">
      <Filter>StateMachine</Filter>
    </ClCompile>
    <ClCompile Include="StateMachine\EventMessageHandler.cpp">
      <Filter>StateMachine</Filter>
    </ClCompile>
    <ClCompile Include="StateMachine\EventSystem.cpp">
      <Filter>StateMachine</Filter>
    </ClCompile>
    <ClCompile Include="StateMachine\State.cpp">
      <Filter>StateMachine</Filter>
    </ClCompile>
    <ClCompile Include="StateMachine\StateMachine.cpp">
      <Filter>StateMachine</Filter>
    </ClCompile>
    <ClCompile Include="examples\LigthSwitch\LightOffState.cpp">
      <Filter>examples\LightSwitch</Filter>
    </ClCompile>
    <ClCompile Include="examples\LigthSwitch\LightOnState.cpp">
      <Filter>examples\LightSwitch</Filter>
    </ClCompile>
    <ClCompile Include="main\Main.cpp">
      <Filter>main</Filter>
    </ClCompile>
  </ItemGroup>
</Project>