
Microsoft Visual Studio Solution File, Format Version 12.00
# Visual Studio Version 16
VisualStudioVersion = 16.0.29102.190
MinimumVisualStudioVersion = 10.0.40219.1
Project("{FAE04EC0-301F-11D3-BF4B-00C04F79EFBC}") = "SMGen", "SMGen.csproj", "{33C56020-6AEB-4FF6-B52D-17FFE004EBDD}"
EndProject
Global
	GlobalSection(SolutionConfigurationPlatforms) = preSolution
		Debug|Any CPU = Debug|Any CPU
		Release|Any CPU = Release|Any CPU
	EndGlobalSection
	GlobalSection(ProjectConfigurationPlatforms) = postSolution
		{33C56020-6AEB-4FF6-B52D-17FFE004EBDD}.Debug|Any CPU.ActiveCfg = Debug|Any CPU
		{33C56020-6AEB-4FF6-B52D-17FFE004EBDD}.Debug|Any CPU.Build.0 = Debug|Any CPU
		{33C56020-6AEB-4FF6-B52D-17FFE004EBDD}.Release|Any CPU.ActiveCfg = Release|Any CPU
		{33C56020-6AEB-4FF6-B52D-17FFE004EBDD}.Release|Any CPU.Build.0 = Release|Any CPU
	EndGlobalSection
	GlobalSection(SolutionProperties) = preSolution
		HideSolutionNode = FALSE
	EndGlobalSection
	GlobalSection(ExtensibilityGlobals) = postSolution
		SolutionGuid = {721FCDAE-6363-4326-B808-F9F8FCCE0DB3}
	EndGlobalSection
EndGlobal
